// !$*UTF8*$!
{
	archiveVersion = 1;
	classes = {
	};
	objectVersion = 46;
	objects = {

/* Begin PBXBuildFile section */
		89BE04431A4705C6001E682E /* main.m in Sources */ = {isa = PBXBuildFile; fileRef = 89BE04421A4705C6001E682E /* main.m */; };
		89BE04461A4705C6001E682E /* AppDelegate.m in Sources */ = {isa = PBXBuildFile; fileRef = 89BE04451A4705C6001E682E /* AppDelegate.m */; };
		89BE04491A4705C6001E682E /* ViewController.m in Sources */ = {isa = PBXBuildFile; fileRef = 89BE04481A4705C6001E682E /* ViewController.m */; };
		89BE044C1A4705C6001E682E /* Main.storyboard in Resources */ = {isa = PBXBuildFile; fileRef = 89BE044A1A4705C6001E682E /* Main.storyboard */; };
		89BE044E1A4705C6001E682E /* Images.xcassets in Resources */ = {isa = PBXBuildFile; fileRef = 89BE044D1A4705C6001E682E /* Images.xcassets */; };
		89BE04511A4705C6001E682E /* LaunchScreen.xib in Resources */ = {isa = PBXBuildFile; fileRef = 89BE044F1A4705C6001E682E /* LaunchScreen.xib */; };
		89BE045D1A4705C6001E682E /* HelloworldTests.m in Sources */ = {isa = PBXBuildFile; fileRef = 89BE045C1A4705C6001E682E /* HelloworldTests.m */; };
/* End PBXBuildFile section */

/* Begin PBXContainerItemProxy section */
		89BE04571A4705C6001E682E /* PBXContainerItemProxy */ = {
			isa = PBXContainerItemProxy;
			containerPortal = 89BE04351A4705C6001E682E /* Project object */;
			proxyType = 1;
			remoteGlobalIDString = 89BE043C1A4705C6001E682E;
			remoteInfo = Helloworld;
		};
/* End PBXContainerItemProxy section */

/* Begin PBXFileReference section */
		89BE043D1A4705C6001E682E /* Helloworld.app */ = {isa = PBXFileReference; explicitFileType = wrapper.application; includeInIndex = 0; path = Helloworld.app; sourceTree = BUILT_PRODUCTS_DIR; };
		89BE04411A4705C6001E682E /* Info.plist */ = {isa = PBXFileReference; lastKnownFileType = text.plist.xml; path = Info.plist; sourceTree = "<group>"; };
		89BE04421A4705C6001E682E /* main.m */ = {isa = PBXFileReference; lastKnownFileType = sourcecode.c.objc; path = main.m; sourceTree = "<group>"; };
		89BE04441A4705C6001E682E /* AppDelegate.h */ = {isa = PBXFileReference; lastKnownFileType = sourcecode.c.h; path = AppDelegate.h; sourceTree = "<group>"; };
		89BE04451A4705C6001E682E /* AppDelegate.m */ = {isa = PBXFileReference; lastKnownFileType = sourcecode.c.objc; path = AppDelegate.m; sourceTree = "<group>"; };
		89BE04471A4705C6001E682E /* ViewController.h */ = {isa = PBXFileReference; lastKnownFileType = sourcecode.c.h; path = ViewController.h; sourceTree = "<group>"; };
		89BE04481A4705C6001E682E /* ViewController.m */ = {isa = PBXFileReference; lastKnownFileType = sourcecode.c.objc; path = ViewController.m; sourceTree = "<group>"; };
		89BE044B1A4705C6001E682E /* Base */ = {isa = PBXFileReference; lastKnownFileType = file.storyboard; name = Base; path = Base.lproj/Main.storyboard; sourceTree = "<group>"; };
		89BE044D1A4705C6001E682E /* Images.xcassets */ = {isa = PBXFileReference; lastKnownFileType = folder.assetcatalog; path = Images.xcassets; sourceTree = "<group>"; };
		89BE04501A4705C6001E682E /* Base */ = {isa = PBXFileReference; lastKnownFileType = file.xib; name = Base; path = Base.lproj/LaunchScreen.xib; sourceTree = "<group>"; };
		89BE04561A4705C6001E682E /* HelloworldTests.xctest */ = {isa = PBXFileReference; explicitFileType = wrapper.cfbundle; includeInIndex = 0; path = HelloworldTests.xctest; sourceTree = BUILT_PRODUCTS_DIR; };
		89BE045B1A4705C6001E682E /* Info.plist */ = {isa = PBXFileReference; lastKnownFileType = text.plist.xml; path = Info.plist; sourceTree = "<group>"; };
		89BE045C1A4705C6001E682E /* HelloworldTests.m */ = {isa = PBXFileReference; lastKnownFileType = sourcecode.c.objc; path = HelloworldTests.m; sourceTree = "<group>"; };
/* End PBXFileReference section */

/* Begin PBXFrameworksBuildPhase section */
		89BE043A1A4705C6001E682E /* Frameworks */ = {
			isa = PBXFrameworksBuildPhase;
			buildActionMask = 2147483647;
			files = (
			);
			runOnlyForDeploymentPostprocessing = 0;
		};
		89BE04531A4705C6001E682E /* Frameworks */ = {
			isa = PBXFrameworksBuildPhase;
			buildActionMask = 2147483647;
			files = (
			);
			runOnlyForDeploymentPostprocessing = 0;
		};
/* End PBXFrameworksBuildPhase section */

/* Begin PBXGroup section */
		89BE04341A4705C6001E682E = {
			isa = PBXGroup;
			children = (
				89BE043F1A4705C6001E682E /* Helloworld */,
				89BE04591A4705C6001E682E /* HelloworldTests */,
				89BE043E1A4705C6001E682E /* Products */,
			);
			sourceTree = "<group>";
		};
		89BE043E1A4705C6001E682E /* Products */ = {
			isa = PBXGroup;
			children = (
				89BE043D1A4705C6001E682E /* Helloworld.app */,
				89BE04561A4705C6001E682E /* HelloworldTests.xctest */,
			);
			name = Products;
			sourceTree = "<group>";
		};
		89BE043F1A4705C6001E682E /* Helloworld */ = {
			isa = PBXGroup;
			children = (
				89BE04441A4705C6001E682E /* AppDelegate.h */,
				89BE04451A4705C6001E682E /* AppDelegate.m */,
				89BE04471A4705C6001E682E /* ViewController.h */,
				89BE04481A4705C6001E682E /* ViewController.m */,
				89BE044A1A4705C6001E682E /* Main.storyboard */,
				89BE044D1A4705C6001E682E /* Images.xcassets */,
				89BE044F1A4705C6001E682E /* LaunchScreen.xib */,
				89BE04401A4705C6001E682E /* Supporting Files */,
			);
			path = Helloworld;
			sourceTree = "<group>";
		};
		89BE04401A4705C6001E682E /* Supporting Files */ = {
			isa = PBXGroup;
			children = (
				89BE04411A4705C6001E682E /* Info.plist */,
				89BE04421A4705C6001E682E /* main.m */,
			);
			name = "Supporting Files";
			sourceTree = "<group>";
		};
		89BE04591A4705C6001E682E /* HelloworldTests */ = {
			isa = PBXGroup;
			children = (
				89BE045C1A4705C6001E682E /* HelloworldTests.m */,
				89BE045A1A4705C6001E682E /* Supporting Files */,
			);
			path = HelloworldTests;
			sourceTree = "<group>";
		};
		89BE045A1A4705C6001E682E /* Supporting Files */ = {
			isa = PBXGroup;
			children = (
				89BE045B1A4705C6001E682E /* Info.plist */,
			);
			name = "Supporting Files";
			sourceTree = "<group>";
		};
/* End PBXGroup section */

/* Begin PBXNativeTarget section */
		89BE043C1A4705C6001E682E /* Helloworld */ = {
			isa = PBXNativeTarget;
			buildConfigurationList = 89BE04601A4705C6001E682E /* Build configuration list for PBXNativeTarget "Helloworld" */;
			buildPhases = (
				89BE04391A4705C6001E682E /* Sources */,
				89BE043A1A4705C6001E682E /* Frameworks */,
				89BE043B1A4705C6001E682E /* Resources */,
			);
			buildRules = (
			);
			dependencies = (
			);
			name = Helloworld;
			productName = Helloworld;
			productReference = 89BE043D1A4705C6001E682E /* Helloworld.app */;
			productType = "com.apple.product-type.application";
		};
		89BE04551A4705C6001E682E /* HelloworldTests */ = {
			isa = PBXNativeTarget;
			buildConfigurationList = 89BE04631A4705C6001E682E /* Build configuration list for PBXNativeTarget "HelloworldTests" */;
			buildPhases = (
				89BE04521A4705C6001E682E /* Sources */,
				89BE04531A4705C6001E682E /* Frameworks */,
				89BE04541A4705C6001E682E /* Resources */,
			);
			buildRules = (
			);
			dependencies = (
				89BE04581A4705C6001E682E /* PBXTargetDependency */,
			);
			name = HelloworldTests;
			productName = HelloworldTests;
			productReference = 89BE04561A4705C6001E682E /* HelloworldTests.xctest */;
			productType = "com.apple.product-type.bundle.unit-test";
		};
/* End PBXNativeTarget section */

/* Begin PBXProject section */
		89BE04351A4705C6001E682E /* Project object */ = {
			isa = PBXProject;
			attributes = {
				LastUpgradeCheck = 0610;
				ORGANIZATIONNAME = yanyiwu;
				TargetAttributes = {
					89BE043C1A4705C6001E682E = {
						CreatedOnToolsVersion = 6.1.1;
					};
					89BE04551A4705C6001E682E = {
						CreatedOnToolsVersion = 6.1.1;
						TestTargetID = 89BE043C1A4705C6001E682E;
					};
				};
			};
			buildConfigurationList = 89BE04381A4705C6001E682E /* Build configuration list for PBXProject "Helloworld" */;
			compatibilityVersion = "Xcode 3.2";
			developmentRegion = English;
			hasScannedForEncodings = 0;
			knownRegions = (
				en,
				Base,
			);
			mainGroup = 89BE04341A4705C6001E682E;
			productRefGroup = 89BE043E1A4705C6001E682E /* Products */;
			projectDirPath = "";
			projectRoot = "";
			targets = (
				89BE043C1A4705C6001E682E /* Helloworld */,
				89BE04551A4705C6001E682E /* HelloworldTests */,
			);
		};
/* End PBXProject section */

/* Begin PBXResourcesBuildPhase section */
		89BE043B1A4705C6001E682E /* Resources */ = {
			isa = PBXResourcesBuildPhase;
			buildActionMask = 2147483647;
			files = (
				89BE044C1A4705C6001E682E /* Main.storyboard in Resources */,
				89BE04511A4705C6001E682E /* LaunchScreen.xib in Resources */,
				89BE044E1A4705C6001E682E /* Images.xcassets in Resources */,
			);
			runOnlyForDeploymentPostprocessing = 0;
		};
		89BE04541A4705C6001E682E /* Resources */ = {
			isa = PBXResourcesBuildPhase;
			buildActionMask = 2147483647;
			files = (
			);
			runOnlyForDeploymentPostprocessing = 0;
		};
/* End PBXResourcesBuildPhase section */

/* Begin PBXSourcesBuildPhase section */
		89BE04391A4705C6001E682E /* Sources */ = {
			isa = PBXSourcesBuildPhase;
			buildActionMask = 2147483647;
			files = (
				89BE04491A4705C6001E682E /* ViewController.m in Sources */,
				89BE04461A4705C6001E682E /* AppDelegate.m in Sources */,
				89BE04431A4705C6001E682E /* main.m in Sources */,
			);
			runOnlyForDeploymentPostprocessing = 0;
		};
		89BE04521A4705C6001E682E /* Sources */ = {
			isa = PBXSourcesBuildPhase;
			buildActionMask = 2147483647;
			files = (
				89BE045D1A4705C6001E682E /* HelloworldTests.m in Sources */,
			);
			runOnlyForDeploymentPostprocessing = 0;
		};
/* End PBXSourcesBuildPhase section */

/* Begin PBXTargetDependency section */
		89BE04581A4705C6001E682E /* PBXTargetDependency */ = {
			isa = PBXTargetDependency;
			target = 89BE043C1A4705C6001E682E /* Helloworld */;
			targetProxy = 89BE04571A4705C6001E682E /* PBXContainerItemProxy */;
		};
/* End PBXTargetDependency section */

/* Begin PBXVariantGroup section */
		89BE044A1A4705C6001E682E /* Main.storyboard */ = {
			isa = PBXVariantGroup;
			children = (
				89BE044B1A4705C6001E682E /* Base */,
			);
			name = Main.storyboard;
			sourceTree = "<group>";
		};
		89BE044F1A4705C6001E682E /* LaunchScreen.xib */ = {
			isa = PBXVariantGroup;
			children = (
				89BE04501A4705C6001E682E /* Base */,
			);
			name = LaunchScreen.xib;
			sourceTree = "<group>";
		};
/* End PBXVariantGroup section */

/* Begin XCBuildConfiguration section */
		89BE045E1A4705C6001E682E /* Debug */ = {
			isa = XCBuildConfiguration;
			buildSettings = {
				ALWAYS_SEARCH_USER_PATHS = NO;
				CLANG_CXX_LANGUAGE_STANDARD = "gnu++0x";
				CLANG_CXX_LIBRARY = "libc++";
				CLANG_ENABLE_MODULES = YES;
				CLANG_ENABLE_OBJC_ARC = YES;
				CLANG_WARN_BOOL_CONVERSION = YES;
				CLANG_WARN_CONSTANT_CONVERSION = YES;
				CLANG_WARN_DIRECT_OBJC_ISA_USAGE = YES_ERROR;
				CLANG_WARN_EMPTY_BODY = YES;
				CLANG_WARN_ENUM_CONVERSION = YES;
				CLANG_WARN_INT_CONVERSION = YES;
				CLANG_WARN_OBJC_ROOT_CLASS = YES_ERROR;
				CLANG_WARN_UNREACHABLE_CODE = YES;
				CLANG_WARN__DUPLICATE_METHOD_MATCH = YES;
				"CODE_SIGN_IDENTITY[sdk=iphoneos*]" = "iPhone Developer";
				COPY_PHASE_STRIP = NO;
				ENABLE_STRICT_OBJC_MSGSEND = YES;
				GCC_C_LANGUAGE_STANDARD = gnu99;
				GCC_DYNAMIC_NO_PIC = NO;
				GCC_OPTIMIZATION_LEVEL = 0;
				GCC_PREPROCESSOR_DEFINITIONS = (
					"DEBUG=1",
					"$(inherited)",
				);
				GCC_SYMBOLS_PRIVATE_EXTERN = NO;
				GCC_WARN_64_TO_32_BIT_CONVERSION = YES;
				GCC_WARN_ABOUT_RETURN_TYPE = YES_ERROR;
				GCC_WARN_UNDECLARED_SELECTOR = YES;
				GCC_WARN_UNINITIALIZED_AUTOS = YES_AGGRESSIVE;
				GCC_WARN_UNUSED_FUNCTION = YES;
				GCC_WARN_UNUSED_VARIABLE = YES;
				IPHONEOS_DEPLOYMENT_TARGET = 8.1;
				MTL_ENABLE_DEBUG_INFO = YES;
				ONLY_ACTIVE_ARCH = YES;
				SDKROOT = iphoneos;
			};
			name = Debug;
		};
		89BE045F1A4705C6001E682E /* Release */ = {
			isa = XCBuildConfiguration;
			buildSettings = {
				ALWAYS_SEARCH_USER_PATHS = NO;
				CLANG_CXX_LANGUAGE_STANDARD = "gnu++0x";
				CLANG_CXX_LIBRARY = "libc++";
				CLANG_ENABLE_MODULES = YES;
				CLANG_ENABLE_OBJC_ARC = YES;
				CLANG_WARN_BOOL_CONVERSION = YES;
				CLANG_WARN_CONSTANT_CONVERSION = YES;
				CLANG_WARN_DIRECT_OBJC_ISA_USAGE = YES_ERROR;
				CLANG_WARN_EMPTY_BODY = YES;
				CLANG_WARN_ENUM_CONVERSION = YES;
				CLANG_WARN_INT_CONVERSION = YES;
				CLANG_WARN_OBJC_ROOT_CLASS = YES_ERROR;
				CLANG_WARN_UNREACHABLE_CODE = YES;
				CLANG_WARN__DUPLICATE_METHOD_MATCH = YES;
				"CODE_SIGN_IDENTITY[sdk=iphoneos*]" = "iPhone Developer";
				COPY_PHASE_STRIP = YES;
				ENABLE_NS_ASSERTIONS = NO;
				ENABLE_STRICT_OBJC_MSGSEND = YES;
				GCC_C_LANGUAGE_STANDARD = gnu99;
				GCC_WARN_64_TO_32_BIT_CONVERSION = YES;
				GCC_WARN_ABOUT_RETURN_TYPE = YES_ERROR;
				GCC_WARN_UNDECLARED_SELECTOR = YES;
				GCC_WARN_UNINITIALIZED_AUTOS = YES_AGGRESSIVE;
				GCC_WARN_UNUSED_FUNCTION = YES;
				GCC_WARN_UNUSED_VARIABLE = YES;
				IPHONEOS_DEPLOYMENT_TARGET = 8.1;
				MTL_ENABLE_DEBUG_INFO = NO;
				SDKROOT = iphoneos;
				VALIDATE_PRODUCT = YES;
			};
			name = Release;
		};
		89BE04611A4705C6001E682E /* Debug */ = {
			isa = XCBuildConfiguration;
			buildSettings = {
				ASSETCATALOG_COMPILER_APPICON_NAME = AppIcon;
				INFOPLIST_FILE = Helloworld/Info.plist;
				LD_RUNPATH_SEARCH_PATHS = "$(inherited) @executable_path/Frameworks";
				PRODUCT_NAME = "$(TARGET_NAME)";
			};
			name = Debug;
		};
		89BE04621A4705C6001E682E /* Release */ = {
			isa = XCBuildConfiguration;
			buildSettings = {
				ASSETCATALOG_COMPILER_APPICON_NAME = AppIcon;
				INFOPLIST_FILE = Helloworld/Info.plist;
				LD_RUNPATH_SEARCH_PATHS = "$(inherited) @executable_path/Frameworks";
				PRODUCT_NAME = "$(TARGET_NAME)";
			};
			name = Release;
		};
		89BE04641A4705C6001E682E /* Debug */ = {
			isa = XCBuildConfiguration;
			buildSettings = {
				BUNDLE_LOADER = "$(TEST_HOST)";
				FRAMEWORK_SEARCH_PATHS = (
					"$(SDKROOT)/Developer/Library/Frameworks",
					"$(inherited)",
				);
				GCC_PREPROCESSOR_DEFINITIONS = (
					"DEBUG=1",
					"$(inherited)",
				);
				INFOPLIST_FILE = HelloworldTests/Info.plist;
				LD_RUNPATH_SEARCH_PATHS = "$(inherited) @executable_path/Frameworks @loader_path/Frameworks";
				PRODUCT_NAME = "$(TARGET_NAME)";
				TEST_HOST = "$(BUILT_PRODUCTS_DIR)/Helloworld.app/Helloworld";
			};
			name = Debug;
		};
		89BE04651A4705C6001E682E /* Release */ = {
			isa = XCBuildConfiguration;
			buildSettings = {
				BUNDLE_LOADER = "$(TEST_HOST)";
				FRAMEWORK_SEARCH_PATHS = (
					"$(SDKROOT)/Developer/Library/Frameworks",
					"$(inherited)",
				);
				INFOPLIST_FILE = HelloworldTests/Info.plist;
				LD_RUNPATH_SEARCH_PATHS = "$(inherited) @executable_path/Frameworks @loader_path/Frameworks";
				PRODUCT_NAME = "$(TARGET_NAME)";
				TEST_HOST = "$(BUILT_PRODUCTS_DIR)/Helloworld.app/Helloworld";
			};
			name = Release;
		};
/* End XCBuildConfiguration section */

/* Begin XCConfigurationList section */
		89BE04381A4705C6001E682E /* Build configuration list for PBXProject "Helloworld" */ = {
			isa = XCConfigurationList;
			buildConfigurations = (
				89BE045E1A4705C6001E682E /* Debug */,
				89BE045F1A4705C6001E682E /* Release */,
			);
			defaultConfigurationIsVisible = 0;
			defaultConfigurationName = Release;
		};
		89BE04601A4705C6001E682E /* Build configuration list for PBXNativeTarget "Helloworld" */ = {
			isa = XCConfigurationList;
			buildConfigurations = (
				89BE04611A4705C6001E682E /* Debug */,
				89BE04621A4705C6001E682E /* Release */,
			);
			defaultConfigurationIsVisible = 0;
		};
		89BE04631A4705C6001E682E /* Build configuration list for PBXNativeTarget "HelloworldTests" */ = {
			isa = XCConfigurationList;
			buildConfigurations = (
				89BE04641A4705C6001E682E /* Debug */,
				89BE04651A4705C6001E682E /* Release */,
			);
			defaultConfigurationIsVisible = 0;
		};
/* End XCConfigurationList section */
	};
	rootObject = 89BE04351A4705C6001E682E /* Project object */;
}
