// !$*UTF8*$!
{
	archiveVersion = 1;
	classes = {
	};
	objectVersion = 46;
	objects = {

/* Begin PBXBuildFile section */
		89599B4D1A4932230035E27D /* xxb.bundle in Resources */ = {isa = PBXBuildFile; fileRef = 89599B4C1A4932230035E27D /* xxb.bundle */; };
		89BA5D6A1A472BCA00FCBAEF /* main.m in Sources */ = {isa = PBXBuildFile; fileRef = 89BA5D691A472BCA00FCBAEF /* main.m */; };
		89BA5D6D1A472BCA00FCBAEF /* AppDelegate.mm in Sources */ = {isa = PBXBuildFile; fileRef = 89BA5D6C1A472BCA00FCBAEF /* AppDelegate.mm */; };
		89BA5D751A472BCA00FCBAEF /* Images.xcassets in Resources */ = {isa = PBXBuildFile; fileRef = 89BA5D741A472BCA00FCBAEF /* Images.xcassets */; };
		89BA5D841A472BCA00FCBAEF /* test3Tests.m in Sources */ = {isa = PBXBuildFile; fileRef = 89BA5D831A472BCA00FCBAEF /* test3Tests.m */; };
		89BA5D921A48278D00FCBAEF /* XcometClient.cpp in Sources */ = {isa = PBXBuildFile; fileRef = 89BA5D901A48278D00FCBAEF /* XcometClient.cpp */; };
/* End PBXBuildFile section */

/* Begin PBXContainerItemProxy section */
		89BA5D7E1A472BCA00FCBAEF /* PBXContainerItemProxy */ = {
			isa = PBXContainerItemProxy;
			containerPortal = 89BA5D5C1A472BCA00FCBAEF /* Project object */;
			proxyType = 1;
			remoteGlobalIDString = 89BA5D631A472BCA00FCBAEF;
			remoteInfo = test3;
		};
/* End PBXContainerItemProxy section */

/* Begin PBXFileReference section */
		89599B4C1A4932230035E27D /* xxb.bundle */ = {isa = PBXFileReference; lastKnownFileType = "wrapper.plug-in"; path = xxb.bundle; sourceTree = "<group>"; };
		89599B4E1A497B3C0035E27D /* Socket.h */ = {isa = PBXFileReference; fileEncoding = 4; lastKnownFileType = sourcecode.c.h; path = Socket.h; sourceTree = "<group>"; };
		89599B4F1A497B3C0035E27D /* Thread.h */ = {isa = PBXFileReference; fileEncoding = 4; lastKnownFileType = sourcecode.c.h; path = Thread.h; sourceTree = "<group>"; };
		89BA5D641A472BCA00FCBAEF /* test3.app */ = {isa = PBXFileReference; explicitFileType = wrapper.application; includeInIndex = 0; path = test3.app; sourceTree = BUILT_PRODUCTS_DIR; };
		89BA5D681A472BCA00FCBAEF /* Info.plist */ = {isa = PBXFileReference; lastKnownFileType = text.plist.xml; path = Info.plist; sourceTree = "<group>"; };
		89BA5D691A472BCA00FCBAEF /* main.m */ = {isa = PBXFileReference; lastKnownFileType = sourcecode.c.objc; path = main.m; sourceTree = "<group>"; };
		89BA5D6B1A472BCA00FCBAEF /* AppDelegate.h */ = {isa = PBXFileReference; lastKnownFileType = sourcecode.c.h; path = AppDelegate.h; sourceTree = "<group>"; };
		89BA5D6C1A472BCA00FCBAEF /* AppDelegate.mm */ = {isa = PBXFileReference; lastKnownFileType = sourcecode.cpp.objcpp; path = AppDelegate.mm; sourceTree = "<group>"; };
		89BA5D741A472BCA00FCBAEF /* Images.xcassets */ = {isa = PBXFileReference; lastKnownFileType = folder.assetcatalog; path = Images.xcassets; sourceTree = "<group>"; };
		89BA5D7D1A472BCA00FCBAEF /* test3Tests.xctest */ = {isa = PBXFileReference; explicitFileType = wrapper.cfbundle; includeInIndex = 0; path = test3Tests.xctest; sourceTree = BUILT_PRODUCTS_DIR; };
		89BA5D821A472BCA00FCBAEF /* Info.plist */ = {isa = PBXFileReference; lastKnownFileType = text.plist.xml; path = Info.plist; sourceTree = "<group>"; };
		89BA5D831A472BCA00FCBAEF /* test3Tests.m */ = {isa = PBXFileReference; lastKnownFileType = sourcecode.c.objc; path = test3Tests.m; sourceTree = "<group>"; };
		89BA5D901A48278D00FCBAEF /* XcometClient.cpp */ = {isa = PBXFileReference; fileEncoding = 4; lastKnownFileType = sourcecode.cpp.cpp; path = XcometClient.cpp; sourceTree = "<group>"; };
		89BA5D911A48278D00FCBAEF /* XcometClient.h */ = {isa = PBXFileReference; fileEncoding = 4; lastKnownFileType = sourcecode.c.h; path = XcometClient.h; sourceTree = "<group>"; };
/* End PBXFileReference section */

/* Begin PBXFrameworksBuildPhase section */
		89BA5D611A472BCA00FCBAEF /* Frameworks */ = {
			isa = PBXFrameworksBuildPhase;
			buildActionMask = 2147483647;
			files = (
			);
			runOnlyForDeploymentPostprocessing = 0;
		};
		89BA5D7A1A472BCA00FCBAEF /* Frameworks */ = {
			isa = PBXFrameworksBuildPhase;
			buildActionMask = 2147483647;
			files = (
			);
			runOnlyForDeploymentPostprocessing = 0;
		};
/* End PBXFrameworksBuildPhase section */

/* Begin PBXGroup section */
		89BA5D5B1A472BCA00FCBAEF = {
			isa = PBXGroup;
			children = (
				89BA5D661A472BCA00FCBAEF /* test3 */,
				89BA5D801A472BCA00FCBAEF /* test3Tests */,
				89BA5D651A472BCA00FCBAEF /* Products */,
			);
			sourceTree = "<group>";
		};
		89BA5D651A472BCA00FCBAEF /* Products */ = {
			isa = PBXGroup;
			children = (
				89BA5D641A472BCA00FCBAEF /* test3.app */,
				89BA5D7D1A472BCA00FCBAEF /* test3Tests.xctest */,
			);
			name = Products;
			sourceTree = "<group>";
		};
		89BA5D661A472BCA00FCBAEF /* test3 */ = {
			isa = PBXGroup;
			children = (
				89BA5D6B1A472BCA00FCBAEF /* AppDelegate.h */,
				89BA5D6C1A472BCA00FCBAEF /* AppDelegate.mm */,
				89BA5D741A472BCA00FCBAEF /* Images.xcassets */,
				89BA5D671A472BCA00FCBAEF /* Supporting Files */,
			);
			path = test3;
			sourceTree = "<group>";
		};
		89BA5D671A472BCA00FCBAEF /* Supporting Files */ = {
			isa = PBXGroup;
			children = (
				89599B4E1A497B3C0035E27D /* Socket.h */,
				89599B4F1A497B3C0035E27D /* Thread.h */,
				89599B4C1A4932230035E27D /* xxb.bundle */,
				89BA5D681A472BCA00FCBAEF /* Info.plist */,
				89BA5D691A472BCA00FCBAEF /* main.m */,
				89BA5D901A48278D00FCBAEF /* XcometClient.cpp */,
				89BA5D911A48278D00FCBAEF /* XcometClient.h */,
			);
			name = "Supporting Files";
			sourceTree = "<group>";
		};
		89BA5D801A472BCA00FCBAEF /* test3Tests */ = {
			isa = PBXGroup;
			children = (
				89BA5D831A472BCA00FCBAEF /* test3Tests.m */,
				89BA5D811A472BCA00FCBAEF /* Supporting Files */,
			);
			path = test3Tests;
			sourceTree = "<group>";
		};
		89BA5D811A472BCA00FCBAEF /* Supporting Files */ = {
			isa = PBXGroup;
			children = (
				89BA5D821A472BCA00FCBAEF /* Info.plist */,
			);
			name = "Supporting Files";
			sourceTree = "<group>";
		};
/* End PBXGroup section */

/* Begin PBXNativeTarget section */
		89BA5D631A472BCA00FCBAEF /* test3 */ = {
			isa = PBXNativeTarget;
			buildConfigurationList = 89BA5D871A472BCA00FCBAEF /* Build configuration list for PBXNativeTarget "test3" */;
			buildPhases = (
				89BA5D601A472BCA00FCBAEF /* Sources */,
				89BA5D611A472BCA00FCBAEF /* Frameworks */,
				89BA5D621A472BCA00FCBAEF /* Resources */,
			);
			buildRules = (
			);
			dependencies = (
			);
			name = test3;
			productName = test3;
			productReference = 89BA5D641A472BCA00FCBAEF /* test3.app */;
			productType = "com.apple.product-type.application";
		};
		89BA5D7C1A472BCA00FCBAEF /* test3Tests */ = {
			isa = PBXNativeTarget;
			buildConfigurationList = 89BA5D8A1A472BCA00FCBAEF /* Build configuration list for PBXNativeTarget "test3Tests" */;
			buildPhases = (
				89BA5D791A472BCA00FCBAEF /* Sources */,
				89BA5D7A1A472BCA00FCBAEF /* Frameworks */,
				89BA5D7B1A472BCA00FCBAEF /* Resources */,
			);
			buildRules = (
			);
			dependencies = (
				89BA5D7F1A472BCA00FCBAEF /* PBXTargetDependency */,
			);
			name = test3Tests;
			productName = test3Tests;
			productReference = 89BA5D7D1A472BCA00FCBAEF /* test3Tests.xctest */;
			productType = "com.apple.product-type.bundle.unit-test";
		};
/* End PBXNativeTarget section */

/* Begin PBXProject section */
		89BA5D5C1A472BCA00FCBAEF /* Project object */ = {
			isa = PBXProject;
			attributes = {
				LastUpgradeCheck = 0610;
				ORGANIZATIONNAME = yanyiwu;
				TargetAttributes = {
					89BA5D631A472BCA00FCBAEF = {
						CreatedOnToolsVersion = 6.1.1;
					};
					89BA5D7C1A472BCA00FCBAEF = {
						CreatedOnToolsVersion = 6.1.1;
						TestTargetID = 89BA5D631A472BCA00FCBAEF;
					};
				};
			};
			buildConfigurationList = 89BA5D5F1A472BCA00FCBAEF /* Build configuration list for PBXProject "test3" */;
			compatibilityVersion = "Xcode 3.2";
			developmentRegion = English;
			hasScannedForEncodings = 0;
			knownRegions = (
				en,
				Base,
			);
			mainGroup = 89BA5D5B1A472BCA00FCBAEF;
			productRefGroup = 89BA5D651A472BCA00FCBAEF /* Products */;
			projectDirPath = "";
			projectRoot = "";
			targets = (
				89BA5D631A472BCA00FCBAEF /* test3 */,
				89BA5D7C1A472BCA00FCBAEF /* test3Tests */,
			);
		};
/* End PBXProject section */

/* Begin PBXResourcesBuildPhase section */
		89BA5D621A472BCA00FCBAEF /* Resources */ = {
			isa = PBXResourcesBuildPhase;
			buildActionMask = 2147483647;
			files = (
				89599B4D1A4932230035E27D /* xxb.bundle in Resources */,
				89BA5D751A472BCA00FCBAEF /* Images.xcassets in Resources */,
			);
			runOnlyForDeploymentPostprocessing = 0;
		};
		89BA5D7B1A472BCA00FCBAEF /* Resources */ = {
			isa = PBXResourcesBuildPhase;
			buildActionMask = 2147483647;
			files = (
			);
			runOnlyForDeploymentPostprocessing = 0;
		};
/* End PBXResourcesBuildPhase section */

/* Begin PBXSourcesBuildPhase section */
		89BA5D601A472BCA00FCBAEF /* Sources */ = {
			isa = PBXSourcesBuildPhase;
			buildActionMask = 2147483647;
			files = (
				89BA5D6D1A472BCA00FCBAEF /* AppDelegate.mm in Sources */,
				89BA5D921A48278D00FCBAEF /* XcometClient.cpp in Sources */,
				89BA5D6A1A472BCA00FCBAEF /* main.m in Sources */,
			);
			runOnlyForDeploymentPostprocessing = 0;
		};
		89BA5D791A472BCA00FCBAEF /* Sources */ = {
			isa = PBXSourcesBuildPhase;
			buildActionMask = 2147483647;
			files = (
				89BA5D841A472BCA00FCBAEF /* test3Tests.m in Sources */,
			);
			runOnlyForDeploymentPostprocessing = 0;
		};
/* End PBXSourcesBuildPhase section */

/* Begin PBXTargetDependency section */
		89BA5D7F1A472BCA00FCBAEF /* PBXTargetDependency */ = {
			isa = PBXTargetDependency;
			target = 89BA5D631A472BCA00FCBAEF /* test3 */;
			targetProxy = 89BA5D7E1A472BCA00FCBAEF /* PBXContainerItemProxy */;
		};
/* End PBXTargetDependency section */

/* Begin XCBuildConfiguration section */
		89BA5D851A472BCA00FCBAEF /* Debug */ = {
			isa = XCBuildConfiguration;
			buildSettings = {
				ALWAYS_SEARCH_USER_PATHS = NO;
				CLANG_CXX_LANGUAGE_STANDARD = "gnu++0x";
				CLANG_CXX_LIBRARY = "libc++";
				CLANG_ENABLE_MODULES = YES;
				CLANG_ENABLE_OBJC_ARC = YES;
				CLANG_WARN_BOOL_CONVERSION = YES;
				CLANG_WARN_CONSTANT_CONVERSION = YES;
				CLANG_WARN_DIRECT_OBJC_ISA_USAGE = YES_ERROR;
				CLANG_WARN_EMPTY_BODY = YES;
				CLANG_WARN_ENUM_CONVERSION = YES;
				CLANG_WARN_INT_CONVERSION = YES;
				CLANG_WARN_OBJC_ROOT_CLASS = YES_ERROR;
				CLANG_WARN_UNREACHABLE_CODE = YES;
				CLANG_WARN__DUPLICATE_METHOD_MATCH = YES;
				"CODE_SIGN_IDENTITY[sdk=iphoneos*]" = "iPhone Developer";
				COPY_PHASE_STRIP = NO;
				ENABLE_STRICT_OBJC_MSGSEND = YES;
				GCC_C_LANGUAGE_STANDARD = gnu99;
				GCC_DYNAMIC_NO_PIC = NO;
				GCC_OPTIMIZATION_LEVEL = 0;
				GCC_PREPROCESSOR_DEFINITIONS = (
					"DEBUG=1",
					"$(inherited)",
				);
				GCC_SYMBOLS_PRIVATE_EXTERN = NO;
				GCC_WARN_64_TO_32_BIT_CONVERSION = YES;
				GCC_WARN_ABOUT_RETURN_TYPE = YES_ERROR;
				GCC_WARN_UNDECLARED_SELECTOR = YES;
				GCC_WARN_UNINITIALIZED_AUTOS = YES_AGGRESSIVE;
				GCC_WARN_UNUSED_FUNCTION = YES;
				GCC_WARN_UNUSED_VARIABLE = YES;
				IPHONEOS_DEPLOYMENT_TARGET = 8.1;
				MTL_ENABLE_DEBUG_INFO = YES;
				ONLY_ACTIVE_ARCH = YES;
				SDKROOT = iphoneos;
			};
			name = Debug;
		};
		89BA5D861A472BCA00FCBAEF /* Release */ = {
			isa = XCBuildConfiguration;
			buildSettings = {
				ALWAYS_SEARCH_USER_PATHS = NO;
				CLANG_CXX_LANGUAGE_STANDARD = "gnu++0x";
				CLANG_CXX_LIBRARY = "libc++";
				CLANG_ENABLE_MODULES = YES;
				CLANG_ENABLE_OBJC_ARC = YES;
				CLANG_WARN_BOOL_CONVERSION = YES;
				CLANG_WARN_CONSTANT_CONVERSION = YES;
				CLANG_WARN_DIRECT_OBJC_ISA_USAGE = YES_ERROR;
				CLANG_WARN_EMPTY_BODY = YES;
				CLANG_WARN_ENUM_CONVERSION = YES;
				CLANG_WARN_INT_CONVERSION = YES;
				CLANG_WARN_OBJC_ROOT_CLASS = YES_ERROR;
				CLANG_WARN_UNREACHABLE_CODE = YES;
				CLANG_WARN__DUPLICATE_METHOD_MATCH = YES;
				"CODE_SIGN_IDENTITY[sdk=iphoneos*]" = "iPhone Developer";
				COPY_PHASE_STRIP = YES;
				ENABLE_NS_ASSERTIONS = NO;
				ENABLE_STRICT_OBJC_MSGSEND = YES;
				GCC_C_LANGUAGE_STANDARD = gnu99;
				GCC_WARN_64_TO_32_BIT_CONVERSION = YES;
				GCC_WARN_ABOUT_RETURN_TYPE = YES_ERROR;
				GCC_WARN_UNDECLARED_SELECTOR = YES;
				GCC_WARN_UNINITIALIZED_AUTOS = YES_AGGRESSIVE;
				GCC_WARN_UNUSED_FUNCTION = YES;
				GCC_WARN_UNUSED_VARIABLE = YES;
				IPHONEOS_DEPLOYMENT_TARGET = 8.1;
				MTL_ENABLE_DEBUG_INFO = NO;
				SDKROOT = iphoneos;
				VALIDATE_PRODUCT = YES;
			};
			name = Release;
		};
		89BA5D881A472BCA00FCBAEF /* Debug */ = {
			isa = XCBuildConfiguration;
			buildSettings = {
				ASSETCATALOG_COMPILER_APPICON_NAME = AppIcon;
				INFOPLIST_FILE = test3/Info.plist;
				LD_RUNPATH_SEARCH_PATHS = "$(inherited) @executable_path/Frameworks";
				PRODUCT_NAME = "$(TARGET_NAME)";
			};
			name = Debug;
		};
		89BA5D891A472BCA00FCBAEF /* Release */ = {
			isa = XCBuildConfiguration;
			buildSettings = {
				ASSETCATALOG_COMPILER_APPICON_NAME = AppIcon;
				INFOPLIST_FILE = test3/Info.plist;
				LD_RUNPATH_SEARCH_PATHS = "$(inherited) @executable_path/Frameworks";
				PRODUCT_NAME = "$(TARGET_NAME)";
			};
			name = Release;
		};
		89BA5D8B1A472BCA00FCBAEF /* Debug */ = {
			isa = XCBuildConfiguration;
			buildSettings = {
				BUNDLE_LOADER = "$(TEST_HOST)";
				FRAMEWORK_SEARCH_PATHS = (
					"$(SDKROOT)/Developer/Library/Frameworks",
					"$(inherited)",
				);
				GCC_PREPROCESSOR_DEFINITIONS = (
					"DEBUG=1",
					"$(inherited)",
				);
				INFOPLIST_FILE = test3Tests/Info.plist;
				LD_RUNPATH_SEARCH_PATHS = "$(inherited) @executable_path/Frameworks @loader_path/Frameworks";
				PRODUCT_NAME = "$(TARGET_NAME)";
				TEST_HOST = "$(BUILT_PRODUCTS_DIR)/test3.app/test3";
			};
			name = Debug;
		};
		89BA5D8C1A472BCA00FCBAEF /* Release */ = {
			isa = XCBuildConfiguration;
			buildSettings = {
				BUNDLE_LOADER = "$(TEST_HOST)";
				FRAMEWORK_SEARCH_PATHS = (
					"$(SDKROOT)/Developer/Library/Frameworks",
					"$(inherited)",
				);
				INFOPLIST_FILE = test3Tests/Info.plist;
				LD_RUNPATH_SEARCH_PATHS = "$(inherited) @executable_path/Frameworks @loader_path/Frameworks";
				PRODUCT_NAME = "$(TARGET_NAME)";
				TEST_HOST = "$(BUILT_PRODUCTS_DIR)/test3.app/test3";
			};
			name = Release;
		};
/* End XCBuildConfiguration section */

/* Begin XCConfigurationList section */
		89BA5D5F1A472BCA00FCBAEF /* Build configuration list for PBXProject "test3" */ = {
			isa = XCConfigurationList;
			buildConfigurations = (
				89BA5D851A472BCA00FCBAEF /* Debug */,
				89BA5D861A472BCA00FCBAEF /* Release */,
			);
			defaultConfigurationIsVisible = 0;
			defaultConfigurationName = Release;
		};
		89BA5D871A472BCA00FCBAEF /* Build configuration list for PBXNativeTarget "test3" */ = {
			isa = XCConfigurationList;
			buildConfigurations = (
				89BA5D881A472BCA00FCBAEF /* Debug */,
				89BA5D891A472BCA00FCBAEF /* Release */,
			);
			defaultConfigurationIsVisible = 0;
			defaultConfigurationName = Release;
		};
		89BA5D8A1A472BCA00FCBAEF /* Build configuration list for PBXNativeTarget "test3Tests" */ = {
			isa = XCConfigurationList;
			buildConfigurations = (
				89BA5D8B1A472BCA00FCBAEF /* Debug */,
				89BA5D8C1A472BCA00FCBAEF /* Release */,
			);
			defaultConfigurationIsVisible = 0;
			defaultConfigurationName = Release;
		};
/* End XCConfigurationList section */
	};
	rootObject = 89BA5D5C1A472BCA00FCBAEF /* Project object */;
}
